
Microsoft Visual Studio Solution File, Format Version 12.00
# Visual Studio Version 17
VisualStudioVersion = 17.11.35327.3
MinimumVisualStudioVersion = 10.0.40219.1
Project("{FAE04EC0-301F-11D3-BF4B-00C04F79EFBC}") = "ToDoList", "ToDoList.csproj", "{8706BED6-CB03-430B-AA05-3E82B9E926DC}"
EndProject
Global
	GlobalSection(SolutionConfigurationPlatforms) = preSolution
		Debug|Any CPU = Debug|Any CPU
		Release|Any CPU = Release|Any CPU
	EndGlobalSection
	GlobalSection(ProjectConfigurationPlatforms) = postSolution
		{8706BED6-CB03-430B-AA05-3E82B9E926DC}.Debug|Any CPU.ActiveCfg = Debug|Any CPU
		{8706BED6-CB03-430B-AA05-3E82B9E926DC}.Debug|Any CPU.Build.0 = Debug|Any CPU
		{8706BED6-CB03-430B-AA05-3E82B9E926DC}.Release|Any CPU.ActiveCfg = Release|Any CPU
		{8706BED6-CB03-430B-AA05-3E82B9E926DC}.Release|Any CPU.Build.0 = Release|Any CPU
	EndGlobalSection
	GlobalSection(SolutionProperties) = preSolution
		HideSolutionNode = FALSE
	EndGlobalSection
	GlobalSection(ExtensibilityGlobals) = postSolution
		SolutionGuid = {6C992C8C-14E2-4FAC-AF34-DF1FC15231E3}
	EndGlobalSection
EndGlobal
